
Microsoft Visual Studio Solution File, Format Version 12.00
# Visual Studio 14
VisualStudioVersion = 14.0.25420.1
MinimumVisualStudioVersion = 10.0.40219.1
Project("{FAE04EC0-301F-11D3-BF4B-00C04F79EFBC}") = "TweetArchive", "TweetArchive\TweetArchive\TweetArchive.csproj", "{52990A02-EF3B-4EEB-A50E-28D12975DB77}"
EndProject
Project("{FAE04EC0-301F-11D3-BF4B-00C04F79EFBC}") = "TweetArchive.Droid", "TweetArchive\TweetArchive.Droid\TweetArchive.Droid.csproj", "{7C337B7A-9E00-4170-BD81-90600F8096DA}"
EndProject
Project("{FAE04EC0-301F-11D3-BF4B-00C04F79EFBC}") = "TweetArchive.iOS", "TweetArchive\TweetArchive.iOS\TweetArchive.iOS.csproj", "{A9FBD6A4-E5A4-4679-83D3-5E06098C9CB3}"
EndProject
Project("{FAE04EC0-301F-11D3-BF4B-00C04F79EFBC}") = "TweetArchive.UWP", "TweetArchive\TweetArchive.UWP\TweetArchive.UWP.csproj", "{333D6813-7854-437A-A403-D3178619BBC7}"
EndProject
Global
	GlobalSection(SolutionConfigurationPlatforms) = preSolution
		Ad-Hoc|Any CPU = Ad-Hoc|Any CPU
		Ad-Hoc|ARM = Ad-Hoc|ARM
		Ad-Hoc|iPhone = Ad-Hoc|iPhone
		Ad-Hoc|iPhoneSimulator = Ad-Hoc|iPhoneSimulator
		Ad-Hoc|x64 = Ad-Hoc|x64
		Ad-Hoc|x86 = Ad-Hoc|x86
		AppStore|Any CPU = AppStore|Any CPU
		AppStore|ARM = AppStore|ARM
		AppStore|iPhone = AppStore|iPhone
		AppStore|iPhoneSimulator = AppStore|iPhoneSimulator
		AppStore|x64 = AppStore|x64
		AppStore|x86 = AppStore|x86
		Debug|Any CPU = Debug|Any CPU
		Debug|ARM = Debug|ARM
		Debug|iPhone = Debug|iPhone
		Debug|iPhoneSimulator = Debug|iPhoneSimulator
		Debug|x64 = Debug|x64
		Debug|x86 = Debug|x86
		Release|Any CPU = Release|Any CPU
		Release|ARM = Release|ARM
		Release|iPhone = Release|iPhone
		Release|iPhoneSimulator = Release|iPhoneSimulator
		Release|x64 = Release|x64
		Release|x86 = Release|x86
	EndGlobalSection
	GlobalSection(ProjectConfigurationPlatforms) = postSolution
		{52990A02-EF3B-4EEB-A50E-28D12975DB77}.Ad-Hoc|Any CPU.ActiveCfg = Release|Any CPU
		{52990A02-EF3B-4EEB-A50E-28D12975DB77}.Ad-Hoc|Any CPU.Build.0 = Release|Any CPU
		{52990A02-EF3B-4EEB-A50E-28D12975DB77}.Ad-Hoc|ARM.ActiveCfg = Release|Any CPU
		{52990A02-EF3B-4EEB-A50E-28D12975DB77}.Ad-Hoc|ARM.Build.0 = Release|Any CPU
		{52990A02-EF3B-4EEB-A50E-28D12975DB77}.Ad-Hoc|iPhone.ActiveCfg = Release|Any CPU
		{52990A02-EF3B-4EEB-A50E-28D12975DB77}.Ad-Hoc|iPhone.Build.0 = Release|Any CPU
		{52990A02-EF3B-4EEB-A50E-28D12975DB77}.Ad-Hoc|iPhoneSimulator.ActiveCfg = Release|Any CPU
		{52990A02-EF3B-4EEB-A50E-28D12975DB77}.Ad-Hoc|iPhoneSimulator.Build.0 = Release|Any CPU
		{52990A02-EF3B-4EEB-A50E-28D12975DB77}.Ad-Hoc|x64.ActiveCfg = Release|Any CPU
		{52990A02-EF3B-4EEB-A50E-28D12975DB77}.Ad-Hoc|x64.Build.0 = Release|Any CPU
		{52990A02-EF3B-4EEB-A50E-28D12975DB77}.Ad-Hoc|x86.ActiveCfg = Release|Any CPU
		{52990A02-EF3B-4EEB-A50E-28D12975DB77}.Ad-Hoc|x86.Build.0 = Release|Any CPU
		{52990A02-EF3B-4EEB-A50E-28D12975DB77}.AppStore|Any CPU.ActiveCfg = Release|Any CPU
		{52990A02-EF3B-4EEB-A50E-28D12975DB77}.AppStore|Any CPU.Build.0 = Release|Any CPU
		{52990A02-EF3B-4EEB-A50E-28D12975DB77}.AppStore|ARM.ActiveCfg = Release|Any CPU
		{52990A02-EF3B-4EEB-A50E-28D12975DB77}.AppStore|ARM.Build.0 = Release|Any CPU
		{52990A02-EF3B-4EEB-A50E-28D12975DB77}.AppStore|iPhone.ActiveCfg = Release|Any CPU
		{52990A02-EF3B-4EEB-A50E-28D12975DB77}.AppStore|iPhone.Build.0 = Release|Any CPU
		{52990A02-EF3B-4EEB-A50E-28D12975DB77}.AppStore|iPhoneSimulator.ActiveCfg = Release|Any CPU
		{52990A02-EF3B-4EEB-A50E-28D12975DB77}.AppStore|iPhoneSimulator.Build.0 = Release|Any CPU
		{52990A02-EF3B-4EEB-A50E-28D12975DB77}.AppStore|x64.ActiveCfg = Release|Any CPU
		{52990A02-EF3B-4EEB-A50E-28D12975DB77}.AppStore|x64.Build.0 = Release|Any CPU
		{52990A02-EF3B-4EEB-A50E-28D12975DB77}.AppStore|x86.ActiveCfg = Release|Any CPU
		{52990A02-EF3B-4EEB-A50E-28D12975DB77}.AppStore|x86.Build.0 = Release|Any CPU
		{52990A02-EF3B-4EEB-A50E-28D12975DB77}.Debug|Any CPU.ActiveCfg = Debug|Any CPU
		{52990A02-EF3B-4EEB-A50E-28D12975DB77}.Debug|Any CPU.Build.0 = Debug|Any CPU
		{52990A02-EF3B-4EEB-A50E-28D12975DB77}.Debug|ARM.ActiveCfg = Debug|Any CPU
		{52990A02-EF3B-4EEB-A50E-28D12975DB77}.Debug|ARM.Build.0 = Debug|Any CPU
		{52990A02-EF3B-4EEB-A50E-28D12975DB77}.Debug|iPhone.ActiveCfg = Debug|Any CPU
		{52990A02-EF3B-4EEB-A50E-28D12975DB77}.Debug|iPhone.Build.0 = Debug|Any CPU
		{52990A02-EF3B-4EEB-A50E-28D12975DB77}.Debug|iPhoneSimulator.ActiveCfg = Debug|Any CPU
		{52990A02-EF3B-4EEB-A50E-28D12975DB77}.Debug|iPhoneSimulator.Build.0 = Debug|Any CPU
		{52990A02-EF3B-4EEB-A50E-28D12975DB77}.Debug|x64.ActiveCfg = Debug|Any CPU
		{52990A02-EF3B-4EEB-A50E-28D12975DB77}.Debug|x64.Build.0 = Debug|Any CPU
		{52990A02-EF3B-4EEB-A50E-28D12975DB77}.Debug|x86.ActiveCfg = Debug|Any CPU
		{52990A02-EF3B-4EEB-A50E-28D12975DB77}.Debug|x86.Build.0 = Debug|Any CPU
		{52990A02-EF3B-4EEB-A50E-28D12975DB77}.Release|Any CPU.ActiveCfg = Release|Any CPU
		{52990A02-EF3B-4EEB-A50E-28D12975DB77}.Release|Any CPU.Build.0 = Release|Any CPU
		{52990A02-EF3B-4EEB-A50E-28D12975DB77}.Release|ARM.ActiveCfg = Release|Any CPU
		{52990A02-EF3B-4EEB-A50E-28D12975DB77}.Release|ARM.Build.0 = Release|Any CPU
		{52990A02-EF3B-4EEB-A50E-28D12975DB77}.Release|iPhone.ActiveCfg = Release|Any CPU
		{52990A02-EF3B-4EEB-A50E-28D12975DB77}.Release|iPhone.Build.0 = Release|Any CPU
		{52990A02-EF3B-4EEB-A50E-28D12975DB77}.Release|iPhoneSimulator.ActiveCfg = Release|Any CPU
		{52990A02-EF3B-4EEB-A50E-28D12975DB77}.Release|iPhoneSimulator.Build.0 = Release|Any CPU
		{52990A02-EF3B-4EEB-A50E-28D12975DB77}.Release|x64.ActiveCfg = Release|Any CPU
		{52990A02-EF3B-4EEB-A50E-28D12975DB77}.Release|x64.Build.0 = Release|Any CPU
		{52990A02-EF3B-4EEB-A50E-28D12975DB77}.Release|x86.ActiveCfg = Release|Any CPU
		{52990A02-EF3B-4EEB-A50E-28D12975DB77}.Release|x86.Build.0 = Release|Any CPU
		{7C337B7A-9E00-4170-BD81-90600F8096DA}.Ad-Hoc|Any CPU.ActiveCfg = Release|Any CPU
		{7C337B7A-9E00-4170-BD81-90600F8096DA}.Ad-Hoc|Any CPU.Build.0 = Release|Any CPU
		{7C337B7A-9E00-4170-BD81-90600F8096DA}.Ad-Hoc|Any CPU.Deploy.0 = Release|Any CPU
		{7C337B7A-9E00-4170-BD81-90600F8096DA}.Ad-Hoc|ARM.ActiveCfg = Release|Any CPU
		{7C337B7A-9E00-4170-BD81-90600F8096DA}.Ad-Hoc|ARM.Build.0 = Release|Any CPU
		{7C337B7A-9E00-4170-BD81-90600F8096DA}.Ad-Hoc|ARM.Deploy.0 = Release|Any CPU
		{7C337B7A-9E00-4170-BD81-90600F8096DA}.Ad-Hoc|iPhone.ActiveCfg = Release|Any CPU
		{7C337B7A-9E00-4170-BD81-90600F8096DA}.Ad-Hoc|iPhone.Build.0 = Release|Any CPU
		{7C337B7A-9E00-4170-BD81-90600F8096DA}.Ad-Hoc|iPhone.Deploy.0 = Release|Any CPU
		{7C337B7A-9E00-4170-BD81-90600F8096DA}.Ad-Hoc|iPhoneSimulator.ActiveCfg = Release|Any CPU
		{7C337B7A-9E00-4170-BD81-90600F8096DA}.Ad-Hoc|iPhoneSimulator.Build.0 = Release|Any CPU
		{7C337B7A-9E00-4170-BD81-90600F8096DA}.Ad-Hoc|iPhoneSimulator.Deploy.0 = Release|Any CPU
		{7C337B7A-9E00-4170-BD81-90600F8096DA}.Ad-Hoc|x64.ActiveCfg = Release|Any CPU
		{7C337B7A-9E00-4170-BD81-90600F8096DA}.Ad-Hoc|x64.Build.0 = Release|Any CPU
		{7C337B7A-9E00-4170-BD81-90600F8096DA}.Ad-Hoc|x64.Deploy.0 = Release|Any CPU
		{7C337B7A-9E00-4170-BD81-90600F8096DA}.Ad-Hoc|x86.ActiveCfg = Release|Any CPU
		{7C337B7A-9E00-4170-BD81-90600F8096DA}.Ad-Hoc|x86.Build.0 = Release|Any CPU
		{7C337B7A-9E00-4170-BD81-90600F8096DA}.Ad-Hoc|x86.Deploy.0 = Release|Any CPU
		{7C337B7A-9E00-4170-BD81-90600F8096DA}.AppStore|Any CPU.ActiveCfg = Release|Any CPU
		{7C337B7A-9E00-4170-BD81-90600F8096DA}.AppStore|Any CPU.Build.0 = Release|Any CPU
		{7C337B7A-9E00-4170-BD81-90600F8096DA}.AppStore|Any CPU.Deploy.0 = Release|Any CPU
		{7C337B7A-9E00-4170-BD81-90600F8096DA}.AppStore|ARM.ActiveCfg = Release|Any CPU
		{7C337B7A-9E00-4170-BD81-90600F8096DA}.AppStore|ARM.Build.0 = Release|Any CPU
		{7C337B7A-9E00-4170-BD81-90600F8096DA}.AppStore|ARM.Deploy.0 = Release|Any CPU
		{7C337B7A-9E00-4170-BD81-90600F8096DA}.AppStore|iPhone.ActiveCfg = Release|Any CPU
		{7C337B7A-9E00-4170-BD81-90600F8096DA}.AppStore|iPhone.Build.0 = Release|Any CPU
		{7C337B7A-9E00-4170-BD81-90600F8096DA}.AppStore|iPhone.Deploy.0 = Release|Any CPU
		{7C337B7A-9E00-4170-BD81-90600F8096DA}.AppStore|iPhoneSimulator.ActiveCfg = Release|Any CPU
		{7C337B7A-9E00-4170-BD81-90600F8096DA}.AppStore|iPhoneSimulator.Build.0 = Release|Any CPU
		{7C337B7A-9E00-4170-BD81-90600F8096DA}.AppStore|iPhoneSimulator.Deploy.0 = Release|Any CPU
		{7C337B7A-9E00-4170-BD81-90600F8096DA}.AppStore|x64.ActiveCfg = Release|Any CPU
		{7C337B7A-9E00-4170-BD81-90600F8096DA}.AppStore|x64.Build.0 = Release|Any CPU
		{7C337B7A-9E00-4170-BD81-90600F8096DA}.AppStore|x64.Deploy.0 = Release|Any CPU
		{7C337B7A-9E00-4170-BD81-90600F8096DA}.AppStore|x86.ActiveCfg = Release|Any CPU
		{7C337B7A-9E00-4170-BD81-90600F8096DA}.AppStore|x86.Build.0 = Release|Any CPU
		{7C337B7A-9E00-4170-BD81-90600F8096DA}.AppStore|x86.Deploy.0 = Release|Any CPU
		{7C337B7A-9E00-4170-BD81-90600F8096DA}.Debug|Any CPU.ActiveCfg = Debug|Any CPU
		{7C337B7A-9E00-4170-BD81-90600F8096DA}.Debug|Any CPU.Build.0 = Debug|Any CPU
		{7C337B7A-9E00-4170-BD81-90600F8096DA}.Debug|Any CPU.Deploy.0 = Debug|Any CPU
		{7C337B7A-9E00-4170-BD81-90600F8096DA}.Debug|ARM.ActiveCfg = Debug|Any CPU
		{7C337B7A-9E00-4170-BD81-90600F8096DA}.Debug|ARM.Build.0 = Debug|Any CPU
		{7C337B7A-9E00-4170-BD81-90600F8096DA}.Debug|ARM.Deploy.0 = Debug|Any CPU
		{7C337B7A-9E00-4170-BD81-90600F8096DA}.Debug|iPhone.ActiveCfg = Debug|Any CPU
		{7C337B7A-9E00-4170-BD81-90600F8096DA}.Debug|iPhone.Build.0 = Debug|Any CPU
		{7C337B7A-9E00-4170-BD81-90600F8096DA}.Debug|iPhone.Deploy.0 = Debug|Any CPU
		{7C337B7A-9E00-4170-BD81-90600F8096DA}.Debug|iPhoneSimulator.ActiveCfg = Debug|Any CPU
		{7C337B7A-9E00-4170-BD81-90600F8096DA}.Debug|iPhoneSimulator.Build.0 = Debug|Any CPU
		{7C337B7A-9E00-4170-BD81-90600F8096DA}.Debug|iPhoneSimulator.Deploy.0 = Debug|Any CPU
		{7C337B7A-9E00-4170-BD81-90600F8096DA}.Debug|x64.ActiveCfg = Debug|Any CPU
		{7C337B7A-9E00-4170-BD81-90600F8096DA}.Debug|x64.Build.0 = Debug|Any CPU
		{7C337B7A-9E00-4170-BD81-90600F8096DA}.Debug|x64.Deploy.0 = Debug|Any CPU
		{7C337B7A-9E00-4170-BD81-90600F8096DA}.Debug|x86.ActiveCfg = Debug|Any CPU
		{7C337B7A-9E00-4170-BD81-90600F8096DA}.Debug|x86.Build.0 = Debug|Any CPU
		{7C337B7A-9E00-4170-BD81-90600F8096DA}.Debug|x86.Deploy.0 = Debug|Any CPU
		{7C337B7A-9E00-4170-BD81-90600F8096DA}.Release|Any CPU.ActiveCfg = Release|Any CPU
		{7C337B7A-9E00-4170-BD81-90600F8096DA}.Release|Any CPU.Build.0 = Release|Any CPU
		{7C337B7A-9E00-4170-BD81-90600F8096DA}.Release|Any CPU.Deploy.0 = Release|Any CPU
		{7C337B7A-9E00-4170-BD81-90600F8096DA}.Release|ARM.ActiveCfg = Release|Any CPU
		{7C337B7A-9E00-4170-BD81-90600F8096DA}.Release|ARM.Build.0 = Release|Any CPU
		{7C337B7A-9E00-4170-BD81-90600F8096DA}.Release|ARM.Deploy.0 = Release|Any CPU
		{7C337B7A-9E00-4170-BD81-90600F8096DA}.Release|iPhone.ActiveCfg = Release|Any CPU
		{7C337B7A-9E00-4170-BD81-90600F8096DA}.Release|iPhone.Build.0 = Release|Any CPU
		{7C337B7A-9E00-4170-BD81-90600F8096DA}.Release|iPhone.Deploy.0 = Release|Any CPU
		{7C337B7A-9E00-4170-BD81-90600F8096DA}.Release|iPhoneSimulator.ActiveCfg = Release|Any CPU
		{7C337B7A-9E00-4170-BD81-90600F8096DA}.Release|iPhoneSimulator.Build.0 = Release|Any CPU
		{7C337B7A-9E00-4170-BD81-90600F8096DA}.Release|iPhoneSimulator.Deploy.0 = Release|Any CPU
		{7C337B7A-9E00-4170-BD81-90600F8096DA}.Release|x64.ActiveCfg = Release|Any CPU
		{7C337B7A-9E00-4170-BD81-90600F8096DA}.Release|x64.Build.0 = Release|Any CPU
		{7C337B7A-9E00-4170-BD81-90600F8096DA}.Release|x64.Deploy.0 = Release|Any CPU
		{7C337B7A-9E00-4170-BD81-90600F8096DA}.Release|x86.ActiveCfg = Release|Any CPU
		{7C337B7A-9E00-4170-BD81-90600F8096DA}.Release|x86.Build.0 = Release|Any CPU
		{7C337B7A-9E00-4170-BD81-90600F8096DA}.Release|x86.Deploy.0 = Release|Any CPU
		{A9FBD6A4-E5A4-4679-83D3-5E06098C9CB3}.Ad-Hoc|Any CPU.ActiveCfg = Ad-Hoc|iPhone
		{A9FBD6A4-E5A4-4679-83D3-5E06098C9CB3}.Ad-Hoc|ARM.ActiveCfg = Ad-Hoc|iPhone
		{A9FBD6A4-E5A4-4679-83D3-5E06098C9CB3}.Ad-Hoc|iPhone.ActiveCfg = Ad-Hoc|iPhone
		{A9FBD6A4-E5A4-4679-83D3-5E06098C9CB3}.Ad-Hoc|iPhone.Build.0 = Ad-Hoc|iPhone
		{A9FBD6A4-E5A4-4679-83D3-5E06098C9CB3}.Ad-Hoc|iPhoneSimulator.ActiveCfg = Ad-Hoc|iPhoneSimulator
		{A9FBD6A4-E5A4-4679-83D3-5E06098C9CB3}.Ad-Hoc|iPhoneSimulator.Build.0 = Ad-Hoc|iPhoneSimulator
		{A9FBD6A4-E5A4-4679-83D3-5E06098C9CB3}.Ad-Hoc|x64.ActiveCfg = Ad-Hoc|iPhone
		{A9FBD6A4-E5A4-4679-83D3-5E06098C9CB3}.Ad-Hoc|x86.ActiveCfg = Ad-Hoc|iPhone
		{A9FBD6A4-E5A4-4679-83D3-5E06098C9CB3}.AppStore|Any CPU.ActiveCfg = AppStore|iPhone
		{A9FBD6A4-E5A4-4679-83D3-5E06098C9CB3}.AppStore|ARM.ActiveCfg = AppStore|iPhone
		{A9FBD6A4-E5A4-4679-83D3-5E06098C9CB3}.AppStore|iPhone.ActiveCfg = AppStore|iPhone
		{A9FBD6A4-E5A4-4679-83D3-5E06098C9CB3}.AppStore|iPhone.Build.0 = AppStore|iPhone
		{A9FBD6A4-E5A4-4679-83D3-5E06098C9CB3}.AppStore|iPhoneSimulator.ActiveCfg = AppStore|iPhoneSimulator
		{A9FBD6A4-E5A4-4679-83D3-5E06098C9CB3}.AppStore|iPhoneSimulator.Build.0 = AppStore|iPhoneSimulator
		{A9FBD6A4-E5A4-4679-83D3-5E06098C9CB3}.AppStore|x64.ActiveCfg = AppStore|iPhone
		{A9FBD6A4-E5A4-4679-83D3-5E06098C9CB3}.AppStore|x86.ActiveCfg = AppStore|iPhone
		{A9FBD6A4-E5A4-4679-83D3-5E06098C9CB3}.Debug|Any CPU.ActiveCfg = Debug|iPhone
		{A9FBD6A4-E5A4-4679-83D3-5E06098C9CB3}.Debug|ARM.ActiveCfg = Debug|iPhone
		{A9FBD6A4-E5A4-4679-83D3-5E06098C9CB3}.Debug|iPhone.ActiveCfg = Debug|iPhone
		{A9FBD6A4-E5A4-4679-83D3-5E06098C9CB3}.Debug|iPhone.Build.0 = Debug|iPhone
		{A9FBD6A4-E5A4-4679-83D3-5E06098C9CB3}.Debug|iPhoneSimulator.ActiveCfg = Debug|iPhoneSimulator
		{A9FBD6A4-E5A4-4679-83D3-5E06098C9CB3}.Debug|iPhoneSimulator.Build.0 = Debug|iPhoneSimulator
		{A9FBD6A4-E5A4-4679-83D3-5E06098C9CB3}.Debug|x64.ActiveCfg = Debug|iPhone
		{A9FBD6A4-E5A4-4679-83D3-5E06098C9CB3}.Debug|x86.ActiveCfg = Debug|iPhone
		{A9FBD6A4-E5A4-4679-83D3-5E06098C9CB3}.Release|Any CPU.ActiveCfg = Release|iPhone
		{A9FBD6A4-E5A4-4679-83D3-5E06098C9CB3}.Release|ARM.ActiveCfg = Release|iPhone
		{A9FBD6A4-E5A4-4679-83D3-5E06098C9CB3}.Release|iPhone.ActiveCfg = Release|iPhone
		{A9FBD6A4-E5A4-4679-83D3-5E06098C9CB3}.Release|iPhone.Build.0 = Release|iPhone
		{A9FBD6A4-E5A4-4679-83D3-5E06098C9CB3}.Release|iPhoneSimulator.ActiveCfg = Release|iPhoneSimulator
		{A9FBD6A4-E5A4-4679-83D3-5E06098C9CB3}.Release|iPhoneSimulator.Build.0 = Release|iPhoneSimulator
		{A9FBD6A4-E5A4-4679-83D3-5E06098C9CB3}.Release|x64.ActiveCfg = Release|iPhone
		{A9FBD6A4-E5A4-4679-83D3-5E06098C9CB3}.Release|x86.ActiveCfg = Release|iPhone
		{333D6813-7854-437A-A403-D3178619BBC7}.Ad-Hoc|Any CPU.ActiveCfg = Release|x86
		{333D6813-7854-437A-A403-D3178619BBC7}.Ad-Hoc|Any CPU.Build.0 = Release|x86
		{333D6813-7854-437A-A403-D3178619BBC7}.Ad-Hoc|Any CPU.Deploy.0 = Release|x86
		{333D6813-7854-437A-A403-D3178619BBC7}.Ad-Hoc|ARM.ActiveCfg = Release|ARM
		{333D6813-7854-437A-A403-D3178619BBC7}.Ad-Hoc|ARM.Build.0 = Release|ARM
		{333D6813-7854-437A-A403-D3178619BBC7}.Ad-Hoc|ARM.Deploy.0 = Release|ARM
		{333D6813-7854-437A-A403-D3178619BBC7}.Ad-Hoc|iPhone.ActiveCfg = Release|x86
		{333D6813-7854-437A-A403-D3178619BBC7}.Ad-Hoc|iPhone.Build.0 = Release|x86
		{333D6813-7854-437A-A403-D3178619BBC7}.Ad-Hoc|iPhone.Deploy.0 = Release|x86
		{333D6813-7854-437A-A403-D3178619BBC7}.Ad-Hoc|iPhoneSimulator.ActiveCfg = Release|x86
		{333D6813-7854-437A-A403-D3178619BBC7}.Ad-Hoc|iPhoneSimulator.Build.0 = Release|x86
		{333D6813-7854-437A-A403-D3178619BBC7}.Ad-Hoc|iPhoneSimulator.Deploy.0 = Release|x86
		{333D6813-7854-437A-A403-D3178619BBC7}.Ad-Hoc|x64.ActiveCfg = Release|x64
		{333D6813-7854-437A-A403-D3178619BBC7}.Ad-Hoc|x64.Build.0 = Release|x64
		{333D6813-7854-437A-A403-D3178619BBC7}.Ad-Hoc|x64.Deploy.0 = Release|x64
		{333D6813-7854-437A-A403-D3178619BBC7}.Ad-Hoc|x86.ActiveCfg = Release|x86
		{333D6813-7854-437A-A403-D3178619BBC7}.Ad-Hoc|x86.Build.0 = Release|x86
		{333D6813-7854-437A-A403-D3178619BBC7}.Ad-Hoc|x86.Deploy.0 = Release|x86
		{333D6813-7854-437A-A403-D3178619BBC7}.AppStore|Any CPU.ActiveCfg = Release|x86
		{333D6813-7854-437A-A403-D3178619BBC7}.AppStore|Any CPU.Build.0 = Release|x86
		{333D6813-7854-437A-A403-D3178619BBC7}.AppStore|Any CPU.Deploy.0 = Release|x86
		{333D6813-7854-437A-A403-D3178619BBC7}.AppStore|ARM.ActiveCfg = Release|ARM
		{333D6813-7854-437A-A403-D3178619BBC7}.AppStore|ARM.Build.0 = Release|ARM
		{333D6813-7854-437A-A403-D3178619BBC7}.AppStore|ARM.Deploy.0 = Release|ARM
		{333D6813-7854-437A-A403-D3178619BBC7}.AppStore|iPhone.ActiveCfg = Release|x86
		{333D6813-7854-437A-A403-D3178619BBC7}.AppStore|iPhone.Build.0 = Release|x86
		{333D6813-7854-437A-A403-D3178619BBC7}.AppStore|iPhone.Deploy.0 = Release|x86
		{333D6813-7854-437A-A403-D3178619BBC7}.AppStore|iPhoneSimulator.ActiveCfg = Release|x86
		{333D6813-7854-437A-A403-D3178619BBC7}.AppStore|iPhoneSimulator.Build.0 = Release|x86
		{333D6813-7854-437A-A403-D3178619BBC7}.AppStore|iPhoneSimulator.Deploy.0 = Release|x86
		{333D6813-7854-437A-A403-D3178619BBC7}.AppStore|x64.ActiveCfg = Release|x64
		{333D6813-7854-437A-A403-D3178619BBC7}.AppStore|x64.Build.0 = Release|x64
		{333D6813-7854-437A-A403-D3178619BBC7}.AppStore|x64.Deploy.0 = Release|x64
		{333D6813-7854-437A-A403-D3178619BBC7}.AppStore|x86.ActiveCfg = Release|x86
		{333D6813-7854-437A-A403-D3178619BBC7}.AppStore|x86.Build.0 = Release|x86
		{333D6813-7854-437A-A403-D3178619BBC7}.AppStore|x86.Deploy.0 = Release|x86
		{333D6813-7854-437A-A403-D3178619BBC7}.Debug|Any CPU.ActiveCfg = Debug|x86
		{333D6813-7854-437A-A403-D3178619BBC7}.Debug|ARM.ActiveCfg = Debug|ARM
		{333D6813-7854-437A-A403-D3178619BBC7}.Debug|ARM.Build.0 = Debug|ARM
		{333D6813-7854-437A-A403-D3178619BBC7}.Debug|ARM.Deploy.0 = Debug|ARM
		{333D6813-7854-437A-A403-D3178619BBC7}.Debug|iPhone.ActiveCfg = Debug|x86
		{333D6813-7854-437A-A403-D3178619BBC7}.Debug|iPhoneSimulator.ActiveCfg = Debug|x86
		{333D6813-7854-437A-A403-D3178619BBC7}.Debug|x64.ActiveCfg = Debug|x64
		{333D6813-7854-437A-A403-D3178619BBC7}.Debug|x64.Build.0 = Debug|x64
		{333D6813-7854-437A-A403-D3178619BBC7}.Debug|x64.Deploy.0 = Debug|x64
		{333D6813-7854-437A-A403-D3178619BBC7}.Debug|x86.ActiveCfg = Debug|x86
		{333D6813-7854-437A-A403-D3178619BBC7}.Debug|x86.Build.0 = Debug|x86
		{333D6813-7854-437A-A403-D3178619BBC7}.Debug|x86.Deploy.0 = Debug|x86
		{333D6813-7854-437A-A403-D3178619BBC7}.Release|Any CPU.ActiveCfg = Release|x86
		{333D6813-7854-437A-A403-D3178619BBC7}.Release|ARM.ActiveCfg = Release|ARM
		{333D6813-7854-437A-A403-D3178619BBC7}.Release|ARM.Build.0 = Release|ARM
		{333D6813-7854-437A-A403-D3178619BBC7}.Release|ARM.Deploy.0 = Release|ARM
		{333D6813-7854-437A-A403-D3178619BBC7}.Release|iPhone.ActiveCfg = Release|x86
		{333D6813-7854-437A-A403-D3178619BBC7}.Release|iPhoneSimulator.ActiveCfg = Release|x86
		{333D6813-7854-437A-A403-D3178619BBC7}.Release|x64.ActiveCfg = Release|x64
		{333D6813-7854-437A-A403-D3178619BBC7}.Release|x64.Build.0 = Release|x64
		{333D6813-7854-437A-A403-D3178619BBC7}.Release|x64.Deploy.0 = Release|x64
		{333D6813-7854-437A-A403-D3178619BBC7}.Release|x86.ActiveCfg = Release|x86
		{333D6813-7854-437A-A403-D3178619BBC7}.Release|x86.Build.0 = Release|x86
		{333D6813-7854-437A-A403-D3178619BBC7}.Release|x86.Deploy.0 = Release|x86
	EndGlobalSection
	GlobalSection(SolutionProperties) = preSolution
		HideSolutionNode = FALSE
	EndGlobalSection
EndGlobal
